// !$*UTF8*$!
{
	archiveVersion = 1;
	classes = {
	};
	objectVersion = 46;
	objects = {

/* Begin PBXBuildFile section */
		F5007D331DDE37EF006A2082 /* Main.storyboard in Resources */ = {isa = PBXBuildFile; fileRef = F5007D251DDE37EF006A2082 /* Main.storyboard */; };
		F5007D361DDE37EF006A2082 /* NotificationsManager.swift in Sources */ = {isa = PBXBuildFile; fileRef = F5007D2A1DDE37EF006A2082 /* NotificationsManager.swift */; };
		F5007D371DDE37EF006A2082 /* CounterPresenter.swift in Sources */ = {isa = PBXBuildFile; fileRef = F5007D2C1DDE37EF006A2082 /* CounterPresenter.swift */; };
		F5007D381DDE37EF006A2082 /* AppDelegate.swift in Sources */ = {isa = PBXBuildFile; fileRef = F5007D2D1DDE37EF006A2082 /* AppDelegate.swift */; };
		F5007D391DDE37EF006A2082 /* Assets.xcassets in Resources */ = {isa = PBXBuildFile; fileRef = F5007D2F1DDE37EF006A2082 /* Assets.xcassets */; };
		F5007D3A1DDE37EF006A2082 /* LaunchScreen.storyboard in Resources */ = {isa = PBXBuildFile; fileRef = F5007D301DDE37EF006A2082 /* LaunchScreen.storyboard */; };
		F5007D421DDE3B07006A2082 /* Interface.storyboard in Resources */ = {isa = PBXBuildFile; fileRef = F5007D401DDE3B07006A2082 /* Interface.storyboard */; };
		F5007D441DDE3B07006A2082 /* Assets.xcassets in Resources */ = {isa = PBXBuildFile; fileRef = F5007D431DDE3B07006A2082 /* Assets.xcassets */; };
		F5007D4B1DDE3B07006A2082 /* CounterWatch Extension.appex in Embed App Extensions */ = {isa = PBXBuildFile; fileRef = F5007D4A1DDE3B07006A2082 /* CounterWatch Extension.appex */; settings = {ATTRIBUTES = (RemoveHeadersOnCopy, ); }; };
		F5007D5C1DDE3B07006A2082 /* CounterWatch.app in Embed Watch Content */ = {isa = PBXBuildFile; fileRef = F5007D3E1DDE3B07006A2082 /* CounterWatch.app */; };
		F56DF7001E115093008E913E /* Constants.swift in Sources */ = {isa = PBXBuildFile; fileRef = F56DF6FF1E115093008E913E /* Constants.swift */; };
		F56DF7011E1150A1008E913E /* Constants.swift in Sources */ = {isa = PBXBuildFile; fileRef = F56DF6FF1E115093008E913E /* Constants.swift */; };
		F5D3BBB21DE4CA79005BECDE /* Assets.xcassets in Resources */ = {isa = PBXBuildFile; fileRef = F5D3BBAF1DE4CA79005BECDE /* Assets.xcassets */; };
		F5D3BBB41DE4CA79005BECDE /* PushNotificationPayload.apns in Resources */ = {isa = PBXBuildFile; fileRef = F5D3BBB11DE4CA79005BECDE /* PushNotificationPayload.apns */; };
		F5D3BBB91DE4CA9B005BECDE /* CounterWatchController.swift in Sources */ = {isa = PBXBuildFile; fileRef = F5D3BBB61DE4CA9B005BECDE /* CounterWatchController.swift */; };
		F5D3BBBA1DE4CA9B005BECDE /* ExtensionDelegate.swift in Sources */ = {isa = PBXBuildFile; fileRef = F5D3BBB71DE4CA9B005BECDE /* ExtensionDelegate.swift */; };
		F5D3BBBB1DE4CA9B005BECDE /* NotificationController.swift in Sources */ = {isa = PBXBuildFile; fileRef = F5D3BBB81DE4CA9B005BECDE /* NotificationController.swift */; };
		F5D3BBC01DE4CB66005BECDE /* NotificationsManager.swift in Sources */ = {isa = PBXBuildFile; fileRef = F5D3BBBF1DE4CB66005BECDE /* NotificationsManager.swift */; };
		F5D3BBCD1DE4D7E6005BECDE /* WatchInterfaceCommunicatorExtension.swift in Sources */ = {isa = PBXBuildFile; fileRef = F5D3BBCC1DE4D7E6005BECDE /* WatchInterfaceCommunicatorExtension.swift */; };
		F5D55B791E0487B0004A7C91 /* AppInterfaceCommunicatorExtension.swift in Sources */ = {isa = PBXBuildFile; fileRef = F5D55B781E0487B0004A7C91 /* AppInterfaceCommunicatorExtension.swift */; };
		F5D55B7B1E0487D6004A7C91 /* WatchInterfaceCommunicator.swift in Sources */ = {isa = PBXBuildFile; fileRef = F5D55B7A1E0487D6004A7C91 /* WatchInterfaceCommunicator.swift */; };
		F5D55B7C1E0487E4004A7C91 /* WatchInterfaceCommunicator.swift in Sources */ = {isa = PBXBuildFile; fileRef = F5D55B7A1E0487D6004A7C91 /* WatchInterfaceCommunicator.swift */; };
/* End PBXBuildFile section */

/* Begin PBXContainerItemProxy section */
		F5007D4C1DDE3B07006A2082 /* PBXContainerItemProxy */ = {
			isa = PBXContainerItemProxy;
			containerPortal = F527D6F71DDB9D7D00B03827 /* Project object */;
			proxyType = 1;
			remoteGlobalIDString = F5007D491DDE3B07006A2082;
			remoteInfo = "CounterWatch Extension";
		};
		F5007D5A1DDE3B07006A2082 /* PBXContainerItemProxy */ = {
			isa = PBXContainerItemProxy;
			containerPortal = F527D6F71DDB9D7D00B03827 /* Project object */;
			proxyType = 1;
			remoteGlobalIDString = F5007D3D1DDE3B07006A2082;
			remoteInfo = CounterWatch;
		};
/* End PBXContainerItemProxy section */

/* Begin PBXCopyFilesBuildPhase section */
		F5007D601DDE3B07006A2082 /* Embed App Extensions */ = {
			isa = PBXCopyFilesBuildPhase;
			buildActionMask = 2147483647;
			dstPath = "";
			dstSubfolderSpec = 13;
			files = (
				F5007D4B1DDE3B07006A2082 /* CounterWatch Extension.appex in Embed App Extensions */,
			);
			name = "Embed App Extensions";
			runOnlyForDeploymentPostprocessing = 0;
		};
		F5007D641DDE3B07006A2082 /* Embed Watch Content */ = {
			isa = PBXCopyFilesBuildPhase;
			buildActionMask = 2147483647;
			dstPath = "$(CONTENTS_FOLDER_PATH)/Watch";
			dstSubfolderSpec = 16;
			files = (
				F5007D5C1DDE3B07006A2082 /* CounterWatch.app in Embed Watch Content */,
			);
			name = "Embed Watch Content";
			runOnlyForDeploymentPostprocessing = 0;
		};
/* End PBXCopyFilesBuildPhase section */

/* Begin PBXFileReference section */
		F5007D251DDE37EF006A2082 /* Main.storyboard */ = {isa = PBXFileReference; fileEncoding = 4; lastKnownFileType = file.storyboard; path = Main.storyboard; sourceTree = "<group>"; };
		F5007D2A1DDE37EF006A2082 /* NotificationsManager.swift */ = {isa = PBXFileReference; fileEncoding = 4; lastKnownFileType = sourcecode.swift; path = NotificationsManager.swift; sourceTree = "<group>"; };
		F5007D2C1DDE37EF006A2082 /* CounterPresenter.swift */ = {isa = PBXFileReference; fileEncoding = 4; lastKnownFileType = sourcecode.swift; path = CounterPresenter.swift; sourceTree = "<group>"; };
		F5007D2D1DDE37EF006A2082 /* AppDelegate.swift */ = {isa = PBXFileReference; fileEncoding = 4; lastKnownFileType = sourcecode.swift; name = AppDelegate.swift; path = AppleWatchApp/AppDelegate.swift; sourceTree = SOURCE_ROOT; };
		F5007D2F1DDE37EF006A2082 /* Assets.xcassets */ = {isa = PBXFileReference; lastKnownFileType = folder.assetcatalog; path = Assets.xcassets; sourceTree = "<group>"; };
		F5007D311DDE37EF006A2082 /* Base */ = {isa = PBXFileReference; lastKnownFileType = file.storyboard; name = Base; path = Base.lproj/LaunchScreen.storyboard; sourceTree = "<group>"; };
		F5007D321DDE37EF006A2082 /* Info.plist */ = {isa = PBXFileReference; fileEncoding = 4; lastKnownFileType = text.plist.xml; path = Info.plist; sourceTree = "<group>"; };
		F5007D3E1DDE3B07006A2082 /* CounterWatch.app */ = {isa = PBXFileReference; explicitFileType = wrapper.application; includeInIndex = 0; path = CounterWatch.app; sourceTree = BUILT_PRODUCTS_DIR; };
		F5007D411DDE3B07006A2082 /* Base */ = {isa = PBXFileReference; lastKnownFileType = file.storyboard; name = Base; path = Base.lproj/Interface.storyboard; sourceTree = "<group>"; };
		F5007D431DDE3B07006A2082 /* Assets.xcassets */ = {isa = PBXFileReference; lastKnownFileType = folder.assetcatalog; path = Assets.xcassets; sourceTree = "<group>"; };
		F5007D451DDE3B07006A2082 /* Info.plist */ = {isa = PBXFileReference; lastKnownFileType = text.plist.xml; path = Info.plist; sourceTree = "<group>"; };
		F5007D4A1DDE3B07006A2082 /* CounterWatch Extension.appex */ = {isa = PBXFileReference; explicitFileType = "wrapper.app-extension"; includeInIndex = 0; path = "CounterWatch Extension.appex"; sourceTree = BUILT_PRODUCTS_DIR; };
		F527D6FF1DDB9D7D00B03827 /* AppleWatchApp.app */ = {isa = PBXFileReference; explicitFileType = wrapper.application; includeInIndex = 0; path = AppleWatchApp.app; sourceTree = BUILT_PRODUCTS_DIR; };
		F56DF6FF1E115093008E913E /* Constants.swift */ = {isa = PBXFileReference; fileEncoding = 4; lastKnownFileType = sourcecode.swift; path = Constants.swift; sourceTree = "<group>"; };
		F5D3BBAF1DE4CA79005BECDE /* Assets.xcassets */ = {isa = PBXFileReference; lastKnownFileType = folder.assetcatalog; path = Assets.xcassets; sourceTree = "<group>"; };
		F5D3BBB01DE4CA79005BECDE /* Info.plist */ = {isa = PBXFileReference; fileEncoding = 4; lastKnownFileType = text.plist.xml; path = Info.plist; sourceTree = "<group>"; };
		F5D3BBB11DE4CA79005BECDE /* PushNotificationPayload.apns */ = {isa = PBXFileReference; fileEncoding = 4; lastKnownFileType = text; path = PushNotificationPayload.apns; sourceTree = "<group>"; };
		F5D3BBB61DE4CA9B005BECDE /* CounterWatchController.swift */ = {isa = PBXFileReference; fileEncoding = 4; lastKnownFileType = sourcecode.swift; path = CounterWatchController.swift; sourceTree = "<group>"; };
		F5D3BBB71DE4CA9B005BECDE /* ExtensionDelegate.swift */ = {isa = PBXFileReference; fileEncoding = 4; lastKnownFileType = sourcecode.swift; path = ExtensionDelegate.swift; sourceTree = "<group>"; };
		F5D3BBB81DE4CA9B005BECDE /* NotificationController.swift */ = {isa = PBXFileReference; fileEncoding = 4; lastKnownFileType = sourcecode.swift; path = NotificationController.swift; sourceTree = "<group>"; };
		F5D3BBBF1DE4CB66005BECDE /* NotificationsManager.swift */ = {isa = PBXFileReference; fileEncoding = 4; lastKnownFileType = sourcecode.swift; path = NotificationsManager.swift; sourceTree = "<group>"; };
		F5D3BBCC1DE4D7E6005BECDE /* WatchInterfaceCommunicatorExtension.swift */ = {isa = PBXFileReference; fileEncoding = 4; lastKnownFileType = sourcecode.swift; path = WatchInterfaceCommunicatorExtension.swift; sourceTree = "<group>"; };
		F5D55B781E0487B0004A7C91 /* AppInterfaceCommunicatorExtension.swift */ = {isa = PBXFileReference; fileEncoding = 4; lastKnownFileType = sourcecode.swift; name = AppInterfaceCommunicatorExtension.swift; path = Communicator/AppInterfaceCommunicatorExtension.swift; sourceTree = "<group>"; };
		F5D55B7A1E0487D6004A7C91 /* WatchInterfaceCommunicator.swift */ = {isa = PBXFileReference; fileEncoding = 4; lastKnownFileType = sourcecode.swift; path = WatchInterfaceCommunicator.swift; sourceTree = "<group>"; };
/* End PBXFileReference section */

/* Begin PBXFrameworksBuildPhase section */
		F5007D471DDE3B07006A2082 /* Frameworks */ = {
			isa = PBXFrameworksBuildPhase;
			buildActionMask = 2147483647;
			files = (
			);
			runOnlyForDeploymentPostprocessing = 0;
		};
		F527D6FC1DDB9D7D00B03827 /* Frameworks */ = {
			isa = PBXFrameworksBuildPhase;
			buildActionMask = 2147483647;
			files = (
			);
			runOnlyForDeploymentPostprocessing = 0;
		};
/* End PBXFrameworksBuildPhase section */

/* Begin PBXGroup section */
		F5007D241DDE37EF006A2082 /* View */ = {
			isa = PBXGroup;
			children = (
				F5007D251DDE37EF006A2082 /* Main.storyboard */,
			);
			name = View;
			path = AppleWatchApp/View;
			sourceTree = SOURCE_ROOT;
		};
		F5007D261DDE37EF006A2082 /* Class */ = {
			isa = PBXGroup;
			children = (
				F5D55B771E048798004A7C91 /* Communicator */,
				F5007D2B1DDE37EF006A2082 /* Presenter */,
				F5007D291DDE37EF006A2082 /* Notifications */,
			);
			name = Class;
			path = AppleWatchApp/Class;
			sourceTree = SOURCE_ROOT;
		};
		F5007D291DDE37EF006A2082 /* Notifications */ = {
			isa = PBXGroup;
			children = (
				F5007D2A1DDE37EF006A2082 /* NotificationsManager.swift */,
			);
			path = Notifications;
			sourceTree = "<group>";
		};
		F5007D2B1DDE37EF006A2082 /* Presenter */ = {
			isa = PBXGroup;
			children = (
				F5007D2C1DDE37EF006A2082 /* CounterPresenter.swift */,
			);
			path = Presenter;
			sourceTree = "<group>";
		};
		F5007D2E1DDE37EF006A2082 /* Resource */ = {
			isa = PBXGroup;
			children = (
				F5007D2F1DDE37EF006A2082 /* Assets.xcassets */,
				F5007D301DDE37EF006A2082 /* LaunchScreen.storyboard */,
				F5007D321DDE37EF006A2082 /* Info.plist */,
			);
			name = Resource;
			path = AppleWatchApp/Resource;
			sourceTree = SOURCE_ROOT;
		};
		F5007D3F1DDE3B07006A2082 /* CounterWatch */ = {
			isa = PBXGroup;
			children = (
				F5007D401DDE3B07006A2082 /* Interface.storyboard */,
				F5007D431DDE3B07006A2082 /* Assets.xcassets */,
				F5007D451DDE3B07006A2082 /* Info.plist */,
			);
			path = CounterWatch;
			sourceTree = "<group>";
		};
		F5007D4E1DDE3B07006A2082 /* CounterWatch Extension */ = {
			isa = PBXGroup;
			children = (
				F5D3BBB51DE4CA9B005BECDE /* Class */,
				F5D3BBAE1DE4CA79005BECDE /* Resources */,
			);
			path = "CounterWatch Extension";
			sourceTree = "<group>";
		};
		F527D6F61DDB9D7D00B03827 = {
			isa = PBXGroup;
			children = (
				F527D7011DDB9D7D00B03827 /* CounterApp */,
				F5007D3F1DDE3B07006A2082 /* CounterWatch */,
				F5007D4E1DDE3B07006A2082 /* CounterWatch Extension */,
				F527D7001DDB9D7D00B03827 /* Products */,
			);
			sourceTree = "<group>";
		};
		F527D7001DDB9D7D00B03827 /* Products */ = {
			isa = PBXGroup;
			children = (
				F527D6FF1DDB9D7D00B03827 /* AppleWatchApp.app */,
				F5007D3E1DDE3B07006A2082 /* CounterWatch.app */,
				F5007D4A1DDE3B07006A2082 /* CounterWatch Extension.appex */,
			);
			name = Products;
			sourceTree = "<group>";
		};
		F527D7011DDB9D7D00B03827 /* CounterApp */ = {
			isa = PBXGroup;
			children = (
				F5D3BBC51DE4CC3A005BECDE /* Shared */,
				F5007D2D1DDE37EF006A2082 /* AppDelegate.swift */,
				F5007D261DDE37EF006A2082 /* Class */,
				F5007D241DDE37EF006A2082 /* View */,
				F5007D2E1DDE37EF006A2082 /* Resource */,
			);
			name = CounterApp;
			path = "D_ AppleWatchApp";
			sourceTree = "<group>";
		};
		F5D3BBAE1DE4CA79005BECDE /* Resources */ = {
			isa = PBXGroup;
			children = (
				F5D3BBAF1DE4CA79005BECDE /* Assets.xcassets */,
				F5D3BBB01DE4CA79005BECDE /* Info.plist */,
				F5D3BBB11DE4CA79005BECDE /* PushNotificationPayload.apns */,
			);
			path = Resources;
			sourceTree = "<group>";
		};
		F5D3BBB51DE4CA9B005BECDE /* Class */ = {
			isa = PBXGroup;
			children = (
				F5D3BBBE1DE4CB66005BECDE /* Notifications */,
				F5D3BBBC1DE4CAA3005BECDE /* Controller */,
				F5D3BBB71DE4CA9B005BECDE /* ExtensionDelegate.swift */,
				F5D3BBB81DE4CA9B005BECDE /* NotificationController.swift */,
				F5D3BBC91DE4D643005BECDE /* Communicator */,
			);
			path = Class;
			sourceTree = "<group>";
		};
		F5D3BBBC1DE4CAA3005BECDE /* Controller */ = {
			isa = PBXGroup;
			children = (
				F5D3BBB61DE4CA9B005BECDE /* CounterWatchController.swift */,
			);
			name = Controller;
			sourceTree = "<group>";
		};
		F5D3BBBE1DE4CB66005BECDE /* Notifications */ = {
			isa = PBXGroup;
			children = (
				F5D3BBBF1DE4CB66005BECDE /* NotificationsManager.swift */,
			);
			path = Notifications;
			sourceTree = "<group>";
		};
		F5D3BBC51DE4CC3A005BECDE /* Shared */ = {
			isa = PBXGroup;
			children = (
				F56DF6FF1E115093008E913E /* Constants.swift */,
				F5D55B7A1E0487D6004A7C91 /* WatchInterfaceCommunicator.swift */,
			);
			name = Shared;
			path = AppleWatchApp/Shared;
			sourceTree = SOURCE_ROOT;
		};
		F5D3BBC91DE4D643005BECDE /* Communicator */ = {
			isa = PBXGroup;
			children = (
				F5D3BBCC1DE4D7E6005BECDE /* WatchInterfaceCommunicatorExtension.swift */,
			);
			path = Communicator;
			sourceTree = "<group>";
		};
		F5D55B771E048798004A7C91 /* Communicator */ = {
			isa = PBXGroup;
			children = (
				F5D55B781E0487B0004A7C91 /* AppInterfaceCommunicatorExtension.swift */,
			);
			name = Communicator;
			sourceTree = "<group>";
		};
/* End PBXGroup section */

/* Begin PBXNativeTarget section */
		F5007D3D1DDE3B07006A2082 /* CounterWatch */ = {
			isa = PBXNativeTarget;
			buildConfigurationList = F5007D611DDE3B07006A2082 /* Build configuration list for PBXNativeTarget "CounterWatch" */;
			buildPhases = (
				F5007D3C1DDE3B07006A2082 /* Resources */,
				F5007D601DDE3B07006A2082 /* Embed App Extensions */,
			);
			buildRules = (
			);
			dependencies = (
				F5007D4D1DDE3B07006A2082 /* PBXTargetDependency */,
			);
			name = CounterWatch;
			productName = CounterWatch;
			productReference = F5007D3E1DDE3B07006A2082 /* CounterWatch.app */;
			productType = "com.apple.product-type.application.watchapp2";
		};
		F5007D491DDE3B07006A2082 /* CounterWatch Extension */ = {
			isa = PBXNativeTarget;
			buildConfigurationList = F5007D5D1DDE3B07006A2082 /* Build configuration list for PBXNativeTarget "CounterWatch Extension" */;
			buildPhases = (
				F5007D461DDE3B07006A2082 /* Sources */,
				F5007D471DDE3B07006A2082 /* Frameworks */,
				F5007D481DDE3B07006A2082 /* Resources */,
			);
			buildRules = (
			);
			dependencies = (
			);
			name = "CounterWatch Extension";
			productName = "CounterWatch Extension";
			productReference = F5007D4A1DDE3B07006A2082 /* CounterWatch Extension.appex */;
			productType = "com.apple.product-type.watchkit2-extension";
		};
		F527D6FE1DDB9D7D00B03827 /* AppleWatchApp */ = {
			isa = PBXNativeTarget;
			buildConfigurationList = F527D7111DDB9D7D00B03827 /* Build configuration list for PBXNativeTarget "AppleWatchApp" */;
			buildPhases = (
				F527D6FB1DDB9D7D00B03827 /* Sources */,
				F527D6FC1DDB9D7D00B03827 /* Frameworks */,
				F527D6FD1DDB9D7D00B03827 /* Resources */,
				F5007D641DDE3B07006A2082 /* Embed Watch Content */,
			);
			buildRules = (
			);
			dependencies = (
				F5007D5B1DDE3B07006A2082 /* PBXTargetDependency */,
			);
			name = AppleWatchApp;
			productName = "D_ AppleWatchApp";
			productReference = F527D6FF1DDB9D7D00B03827 /* AppleWatchApp.app */;
			productType = "com.apple.product-type.application";
		};
/* End PBXNativeTarget section */

/* Begin PBXProject section */
		F527D6F71DDB9D7D00B03827 /* Project object */ = {
			isa = PBXProject;
			attributes = {
				LastSwiftUpdateCheck = 0810;
				LastUpgradeCheck = 0820;
				ORGANIZATIONNAME = "Miguel Hernández Jaso";
				TargetAttributes = {
					F5007D3D1DDE3B07006A2082 = {
						CreatedOnToolsVersion = 8.1;
						ProvisioningStyle = Automatic;
					};
					F5007D491DDE3B07006A2082 = {
						CreatedOnToolsVersion = 8.1;
						DevelopmentTeam = 2JBP2DRL27;
						ProvisioningStyle = Automatic;
					};
					F527D6FE1DDB9D7D00B03827 = {
						CreatedOnToolsVersion = 8.1;
						LastSwiftMigration = 0810;
						ProvisioningStyle = Manual;
					};
				};
			};
			buildConfigurationList = F527D6FA1DDB9D7D00B03827 /* Build configuration list for PBXProject "AppleWatchApp" */;
			compatibilityVersion = "Xcode 3.2";
			developmentRegion = English;
			hasScannedForEncodings = 0;
			knownRegions = (
				en,
				Base,
			);
			mainGroup = F527D6F61DDB9D7D00B03827;
			productRefGroup = F527D7001DDB9D7D00B03827 /* Products */;
			projectDirPath = "";
			projectRoot = "";
			targets = (
				F527D6FE1DDB9D7D00B03827 /* AppleWatchApp */,
				F5007D3D1DDE3B07006A2082 /* CounterWatch */,
				F5007D491DDE3B07006A2082 /* CounterWatch Extension */,
			);
		};
/* End PBXProject section */

/* Begin PBXResourcesBuildPhase section */
		F5007D3C1DDE3B07006A2082 /* Resources */ = {
			isa = PBXResourcesBuildPhase;
			buildActionMask = 2147483647;
			files = (
				F5007D441DDE3B07006A2082 /* Assets.xcassets in Resources */,
				F5007D421DDE3B07006A2082 /* Interface.storyboard in Resources */,
			);
			runOnlyForDeploymentPostprocessing = 0;
		};
		F5007D481DDE3B07006A2082 /* Resources */ = {
			isa = PBXResourcesBuildPhase;
			buildActionMask = 2147483647;
			files = (
				F5D3BBB21DE4CA79005BECDE /* Assets.xcassets in Resources */,
				F5D3BBB41DE4CA79005BECDE /* PushNotificationPayload.apns in Resources */,
			);
			runOnlyForDeploymentPostprocessing = 0;
		};
		F527D6FD1DDB9D7D00B03827 /* Resources */ = {
			isa = PBXResourcesBuildPhase;
			buildActionMask = 2147483647;
			files = (
				F5007D3A1DDE37EF006A2082 /* LaunchScreen.storyboard in Resources */,
				F5007D391DDE37EF006A2082 /* Assets.xcassets in Resources */,
				F5007D331DDE37EF006A2082 /* Main.storyboard in Resources */,
			);
			runOnlyForDeploymentPostprocessing = 0;
		};
/* End PBXResourcesBuildPhase section */

/* Begin PBXSourcesBuildPhase section */
		F5007D461DDE3B07006A2082 /* Sources */ = {
			isa = PBXSourcesBuildPhase;
			buildActionMask = 2147483647;
			files = (
				F56DF7011E1150A1008E913E /* Constants.swift in Sources */,
				F5D3BBBB1DE4CA9B005BECDE /* NotificationController.swift in Sources */,
				F5D3BBBA1DE4CA9B005BECDE /* ExtensionDelegate.swift in Sources */,
				F5D3BBCD1DE4D7E6005BECDE /* WatchInterfaceCommunicatorExtension.swift in Sources */,
				F5D55B7C1E0487E4004A7C91 /* WatchInterfaceCommunicator.swift in Sources */,
				F5D3BBC01DE4CB66005BECDE /* NotificationsManager.swift in Sources */,
				F5D3BBB91DE4CA9B005BECDE /* CounterWatchController.swift in Sources */,
			);
			runOnlyForDeploymentPostprocessing = 0;
		};
		F527D6FB1DDB9D7D00B03827 /* Sources */ = {
			isa = PBXSourcesBuildPhase;
			buildActionMask = 2147483647;
			files = (
				F56DF7001E115093008E913E /* Constants.swift in Sources */,
				F5007D371DDE37EF006A2082 /* CounterPresenter.swift in Sources */,
				F5D55B7B1E0487D6004A7C91 /* WatchInterfaceCommunicator.swift in Sources */,
				F5007D381DDE37EF006A2082 /* AppDelegate.swift in Sources */,
				F5007D361DDE37EF006A2082 /* NotificationsManager.swift in Sources */,
				F5D55B791E0487B0004A7C91 /* AppInterfaceCommunicatorExtension.swift in Sources */,
			);
			runOnlyForDeploymentPostprocessing = 0;
		};
/* End PBXSourcesBuildPhase section */

/* Begin PBXTargetDependency section */
		F5007D4D1DDE3B07006A2082 /* PBXTargetDependency */ = {
			isa = PBXTargetDependency;
			target = F5007D491DDE3B07006A2082 /* CounterWatch Extension */;
			targetProxy = F5007D4C1DDE3B07006A2082 /* PBXContainerItemProxy */;
		};
		F5007D5B1DDE3B07006A2082 /* PBXTargetDependency */ = {
			isa = PBXTargetDependency;
			target = F5007D3D1DDE3B07006A2082 /* CounterWatch */;
			targetProxy = F5007D5A1DDE3B07006A2082 /* PBXContainerItemProxy */;
		};
/* End PBXTargetDependency section */

/* Begin PBXVariantGroup section */
		F5007D301DDE37EF006A2082 /* LaunchScreen.storyboard */ = {
			isa = PBXVariantGroup;
			children = (
				F5007D311DDE37EF006A2082 /* Base */,
			);
			name = LaunchScreen.storyboard;
			sourceTree = "<group>";
		};
		F5007D401DDE3B07006A2082 /* Interface.storyboard */ = {
			isa = PBXVariantGroup;
			children = (
				F5007D411DDE3B07006A2082 /* Base */,
			);
			name = Interface.storyboard;
			sourceTree = "<group>";
		};
/* End PBXVariantGroup section */

/* Begin XCBuildConfiguration section */
		F5007D5E1DDE3B07006A2082 /* Debug */ = {
			isa = XCBuildConfiguration;
			buildSettings = {
				ASSETCATALOG_COMPILER_COMPLICATION_NAME = Complication;
				DEVELOPMENT_TEAM = 2JBP2DRL27;
				INFOPLIST_FILE = "$(SRCROOT)/CounterWatch Extension/Resources/Info.plist";
				LD_RUNPATH_SEARCH_PATHS = "$(inherited) @executable_path/Frameworks @executable_path/../../Frameworks";
				PRODUCT_BUNDLE_IDENTIFIER = kc.mhjaso.AppleWatchApp.watchkitapp.watchkitextension;
				PRODUCT_NAME = "${TARGET_NAME}";
				SDKROOT = watchos;
				SKIP_INSTALL = YES;
				SWIFT_VERSION = 3.0;
				TARGETED_DEVICE_FAMILY = 4;
				WATCHOS_DEPLOYMENT_TARGET = 3.1;
			};
			name = Debug;
		};
		F5007D5F1DDE3B07006A2082 /* Release */ = {
			isa = XCBuildConfiguration;
			buildSettings = {
				ASSETCATALOG_COMPILER_COMPLICATION_NAME = Complication;
				DEVELOPMENT_TEAM = 2JBP2DRL27;
				INFOPLIST_FILE = "$(SRCROOT)/CounterWatch Extension/Resources/Info.plist";
				LD_RUNPATH_SEARCH_PATHS = "$(inherited) @executable_path/Frameworks @executable_path/../../Frameworks";
				PRODUCT_BUNDLE_IDENTIFIER = kc.mhjaso.AppleWatchApp.watchkitapp.watchkitextension;
				PRODUCT_NAME = "${TARGET_NAME}";
				SDKROOT = watchos;
				SKIP_INSTALL = YES;
				SWIFT_VERSION = 3.0;
				TARGETED_DEVICE_FAMILY = 4;
				WATCHOS_DEPLOYMENT_TARGET = 3.1;
			};
			name = Release;
		};
		F5007D621DDE3B07006A2082 /* Debug */ = {
			isa = XCBuildConfiguration;
			buildSettings = {
				ALWAYS_EMBED_SWIFT_STANDARD_LIBRARIES = YES;
				ASSETCATALOG_COMPILER_APPICON_NAME = AppIcon;
				DEVELOPMENT_TEAM = "";
				IBSC_MODULE = CounterWatch_Extension;
				INFOPLIST_FILE = CounterWatch/Info.plist;
				PRODUCT_BUNDLE_IDENTIFIER = kc.mhjaso.AppleWatchApp.watchkitapp;
				PRODUCT_NAME = "$(TARGET_NAME)";
				SDKROOT = watchos;
				SKIP_INSTALL = YES;
				SWIFT_VERSION = 3.0;
				TARGETED_DEVICE_FAMILY = 4;
				WATCHOS_DEPLOYMENT_TARGET = 3.1;
			};
			name = Debug;
		};
		F5007D631DDE3B07006A2082 /* Release */ = {
			isa = XCBuildConfiguration;
			buildSettings = {
				ALWAYS_EMBED_SWIFT_STANDARD_LIBRARIES = YES;
				ASSETCATALOG_COMPILER_APPICON_NAME = AppIcon;
				DEVELOPMENT_TEAM = "";
				IBSC_MODULE = CounterWatch_Extension;
				INFOPLIST_FILE = CounterWatch/Info.plist;
				PRODUCT_BUNDLE_IDENTIFIER = kc.mhjaso.AppleWatchApp.watchkitapp;
				PRODUCT_NAME = "$(TARGET_NAME)";
				SDKROOT = watchos;
				SKIP_INSTALL = YES;
				SWIFT_VERSION = 3.0;
				TARGETED_DEVICE_FAMILY = 4;
				WATCHOS_DEPLOYMENT_TARGET = 3.1;
			};
			name = Release;
		};
		F527D70F1DDB9D7D00B03827 /* Debug */ = {
			isa = XCBuildConfiguration;
			buildSettings = {
				ALWAYS_SEARCH_USER_PATHS = NO;
				CLANG_ANALYZER_NONNULL = YES;
				CLANG_CXX_LANGUAGE_STANDARD = "gnu++0x";
				CLANG_CXX_LIBRARY = "libc++";
				CLANG_ENABLE_MODULES = YES;
				CLANG_ENABLE_OBJC_ARC = YES;
				CLANG_WARN_BOOL_CONVERSION = YES;
				CLANG_WARN_CONSTANT_CONVERSION = YES;
				CLANG_WARN_DIRECT_OBJC_ISA_USAGE = YES_ERROR;
				CLANG_WARN_DOCUMENTATION_COMMENTS = YES;
				CLANG_WARN_EMPTY_BODY = YES;
				CLANG_WARN_ENUM_CONVERSION = YES;
				CLANG_WARN_INFINITE_RECURSION = YES;
				CLANG_WARN_INT_CONVERSION = YES;
				CLANG_WARN_OBJC_ROOT_CLASS = YES_ERROR;
				CLANG_WARN_SUSPICIOUS_MOVE = YES;
				CLANG_WARN_SUSPICIOUS_MOVES = YES;
				CLANG_WARN_UNREACHABLE_CODE = YES;
				CLANG_WARN__DUPLICATE_METHOD_MATCH = YES;
				"CODE_SIGN_IDENTITY[sdk=iphoneos*]" = "iPhone Developer";
				COPY_PHASE_STRIP = NO;
				DEBUG_INFORMATION_FORMAT = dwarf;
				ENABLE_STRICT_OBJC_MSGSEND = YES;
				ENABLE_TESTABILITY = YES;
				GCC_C_LANGUAGE_STANDARD = gnu99;
				GCC_DYNAMIC_NO_PIC = NO;
				GCC_NO_COMMON_BLOCKS = YES;
				GCC_OPTIMIZATION_LEVEL = 0;
				GCC_PREPROCESSOR_DEFINITIONS = (
					"DEBUG=1",
					"$(inherited)",
				);
				GCC_WARN_64_TO_32_BIT_CONVERSION = YES;
				GCC_WARN_ABOUT_RETURN_TYPE = YES_ERROR;
				GCC_WARN_UNDECLARED_SELECTOR = YES;
				GCC_WARN_UNINITIALIZED_AUTOS = YES_AGGRESSIVE;
				GCC_WARN_UNUSED_FUNCTION = YES;
				GCC_WARN_UNUSED_VARIABLE = YES;
				IPHONEOS_DEPLOYMENT_TARGET = 9.3;
				MTL_ENABLE_DEBUG_INFO = YES;
				ONLY_ACTIVE_ARCH = YES;
				SDKROOT = iphoneos;
				SWIFT_ACTIVE_COMPILATION_CONDITIONS = DEBUG;
				SWIFT_OPTIMIZATION_LEVEL = "-Onone";
				TARGETED_DEVICE_FAMILY = "1,2";
			};
			name = Debug;
		};
		F527D7101DDB9D7D00B03827 /* Release */ = {
			isa = XCBuildConfiguration;
			buildSettings = {
				ALWAYS_SEARCH_USER_PATHS = NO;
				CLANG_ANALYZER_NONNULL = YES;
				CLANG_CXX_LANGUAGE_STANDARD = "gnu++0x";
				CLANG_CXX_LIBRARY = "libc++";
				CLANG_ENABLE_MODULES = YES;
				CLANG_ENABLE_OBJC_ARC = YES;
				CLANG_WARN_BOOL_CONVERSION = YES;
				CLANG_WARN_CONSTANT_CONVERSION = YES;
				CLANG_WARN_DIRECT_OBJC_ISA_USAGE = YES_ERROR;
				CLANG_WARN_DOCUMENTATION_COMMENTS = YES;
				CLANG_WARN_EMPTY_BODY = YES;
				CLANG_WARN_ENUM_CONVERSION = YES;
				CLANG_WARN_INFINITE_RECURSION = YES;
				CLANG_WARN_INT_CONVERSION = YES;
				CLANG_WARN_OBJC_ROOT_CLASS = YES_ERROR;
				CLANG_WARN_SUSPICIOUS_MOVE = YES;
				CLANG_WARN_SUSPICIOUS_MOVES = YES;
				CLANG_WARN_UNREACHABLE_CODE = YES;
				CLANG_WARN__DUPLICATE_METHOD_MATCH = YES;
				"CODE_SIGN_IDENTITY[sdk=iphoneos*]" = "iPhone Developer";
				COPY_PHASE_STRIP = NO;
				DEBUG_INFORMATION_FORMAT = "dwarf-with-dsym";
				ENABLE_NS_ASSERTIONS = NO;
				ENABLE_STRICT_OBJC_MSGSEND = YES;
				GCC_C_LANGUAGE_STANDARD = gnu99;
				GCC_NO_COMMON_BLOCKS = YES;
				GCC_WARN_64_TO_32_BIT_CONVERSION = YES;
				GCC_WARN_ABOUT_RETURN_TYPE = YES_ERROR;
				GCC_WARN_UNDECLARED_SELECTOR = YES;
				GCC_WARN_UNINITIALIZED_AUTOS = YES_AGGRESSIVE;
				GCC_WARN_UNUSED_FUNCTION = YES;
				GCC_WARN_UNUSED_VARIABLE = YES;
				IPHONEOS_DEPLOYMENT_TARGET = 9.3;
				MTL_ENABLE_DEBUG_INFO = NO;
				SDKROOT = iphoneos;
				SWIFT_OPTIMIZATION_LEVEL = "-Owholemodule";
				TARGETED_DEVICE_FAMILY = "1,2";
				VALIDATE_PRODUCT = YES;
			};
			name = Release;
		};
		F527D7121DDB9D7D00B03827 /* Debug */ = {
			isa = XCBuildConfiguration;
			buildSettings = {
				ASSETCATALOG_COMPILER_APPICON_NAME = AppIcon;
				CLANG_ENABLE_MODULES = YES;
				DEVELOPMENT_TEAM = "";
				INFOPLIST_FILE = "$(SRCROOT)/AppleWatchApp/Resource/Info.plist";
				LD_RUNPATH_SEARCH_PATHS = "$(inherited) @executable_path/Frameworks";
				PRODUCT_BUNDLE_IDENTIFIER = kc.mhjaso.AppleWatchApp;
				PRODUCT_NAME = "$(TARGET_NAME)";
				SWIFT_OPTIMIZATION_LEVEL = "-Onone";
				SWIFT_VERSION = 3.0;
			};
			name = Debug;
		};
		F527D7131DDB9D7D00B03827 /* Release */ = {
			isa = XCBuildConfiguration;
			buildSettings = {
				ASSETCATALOG_COMPILER_APPICON_NAME = AppIcon;
				CLANG_ENABLE_MODULES = YES;
				DEVELOPMENT_TEAM = "";
				INFOPLIST_FILE = "$(SRCROOT)/AppleWatchApp/Resource/Info.plist";
				LD_RUNPATH_SEARCH_PATHS = "$(inherited) @executable_path/Frameworks";
				PRODUCT_BUNDLE_IDENTIFIER = kc.mhjaso.AppleWatchApp;
				PRODUCT_NAME = "$(TARGET_NAME)";
				SWIFT_VERSION = 3.0;
			};
			name = Release;
		};
/* End XCBuildConfiguration section */

/* Begin XCConfigurationList section */
		F5007D5D1DDE3B07006A2082 /* Build configuration list for PBXNativeTarget "CounterWatch Extension" */ = {
			isa = XCConfigurationList;
			buildConfigurations = (
				F5007D5E1DDE3B07006A2082 /* Debug */,
				F5007D5F1DDE3B07006A2082 /* Release */,
			);
			defaultConfigurationIsVisible = 0;
			defaultConfigurationName = Release;
		};
		F5007D611DDE3B07006A2082 /* Build configuration list for PBXNativeTarget "CounterWatch" */ = {
			isa = XCConfigurationList;
			buildConfigurations = (
				F5007D621DDE3B07006A2082 /* Debug */,
				F5007D631DDE3B07006A2082 /* Release */,
			);
			defaultConfigurationIsVisible = 0;
			defaultConfigurationName = Release;
		};
		F527D6FA1DDB9D7D00B03827 /* Build configuration list for PBXProject "AppleWatchApp" */ = {
			isa = XCConfigurationList;
			buildConfigurations = (
				F527D70F1DDB9D7D00B03827 /* Debug */,
				F527D7101DDB9D7D00B03827 /* Release */,
			);
			defaultConfigurationIsVisible = 0;
			defaultConfigurationName = Release;
		};
		F527D7111DDB9D7D00B03827 /* Build configuration list for PBXNativeTarget "AppleWatchApp" */ = {
			isa = XCConfigurationList;
			buildConfigurations = (
				F527D7121DDB9D7D00B03827 /* Debug */,
				F527D7131DDB9D7D00B03827 /* Release */,
			);
			defaultConfigurationIsVisible = 0;
			defaultConfigurationName = Release;
		};
/* End XCConfigurationList section */
	};
	rootObject = F527D6F71DDB9D7D00B03827 /* Project object */;
}
